<Solution>
  <Folder Name="/Solution items/">
    <File Path="Directory.Build.props" />
  </Folder>
  <Project Path="Abaddax.Roslyn.Analyzers.CodeFixes/Abaddax.Roslyn.Analyzers.CodeFixes.csproj" />
  <Project Path="Abaddax.Roslyn.Analyzers.Package/Abaddax.Roslyn.Analyzers.Package.csproj" />
  <Project Path="Abaddax.Roslyn.Analyzers.Tests/Abaddax.Roslyn.Analyzers.Tests.csproj" />
  <Project Path="Abaddax.Roslyn.Analyzers.Vsix/Abaddax.Roslyn.Analyzers.Vsix.csproj" />
  <Project Path="Abaddax.Roslyn.Analyzers/Abaddax.Roslyn.Analyzers.csproj" />
</Solution>
