<Solution>
  <Project Path="Abaddax.Roslyn.Analyzers/Abaddax.Roslyn.Analyzers.CodeFixes/Abaddax.Roslyn.Analyzers.CodeFixes.csproj" />
  <Project Path="Abaddax.Roslyn.Analyzers/Abaddax.Roslyn.Analyzers.Package/Abaddax.Roslyn.Analyzers.Package.csproj" />
  <Project Path="Abaddax.Roslyn.Analyzers/Abaddax.Roslyn.Analyzers.Test/Abaddax.Roslyn.Analyzers.Test.csproj" />
  <Project Path="Abaddax.Roslyn.Analyzers/Abaddax.Roslyn.Analyzers.Vsix/Abaddax.Roslyn.Analyzers.Vsix.csproj" />
  <Project Path="Abaddax.Roslyn.Analyzers/Abaddax.Roslyn.Analyzers/Abaddax.Roslyn.Analyzers.csproj" />
</Solution>
